// !$*UTF8*$!
{
	archiveVersion = 1;
	classes = {
	};
	objectVersion = 56;
	objects = {

/* Begin PBXBuildFile section */
		7F47F1BB2BC0C23100F2A998 /* LocalFileManager.swift in Sources */ = {isa = PBXBuildFile; fileRef = 7F47F1BA2BC0C23100F2A998 /* LocalFileManager.swift */; };
		7F47F1BD2BC0D79800F2A998 /* SearchBarView.swift in Sources */ = {isa = PBXBuildFile; fileRef = 7F47F1BC2BC0D79800F2A998 /* SearchBarView.swift */; };
		7F47F1BF2BC16A4700F2A998 /* UIApplication.swift in Sources */ = {isa = PBXBuildFile; fileRef = 7F47F1BE2BC16A4700F2A998 /* UIApplication.swift */; };
		7F47F1C12BC1723C00F2A998 /* StatisticModel.swift in Sources */ = {isa = PBXBuildFile; fileRef = 7F47F1C02BC1723C00F2A998 /* StatisticModel.swift */; };
		7F47F1C32BC1739A00F2A998 /* StatisticView.swift in Sources */ = {isa = PBXBuildFile; fileRef = 7F47F1C22BC1739A00F2A998 /* StatisticView.swift */; };
		7F47F1C52BC1794700F2A998 /* HomeStatsView.swift in Sources */ = {isa = PBXBuildFile; fileRef = 7F47F1C42BC1794700F2A998 /* HomeStatsView.swift */; };
		7F47F1C72BC2CB8F00F2A998 /* MarketDataModel.swift in Sources */ = {isa = PBXBuildFile; fileRef = 7F47F1C62BC2CB8F00F2A998 /* MarketDataModel.swift */; };
		7F47F1C92BC2D5C800F2A998 /* MarketDataService.swift in Sources */ = {isa = PBXBuildFile; fileRef = 7F47F1C82BC2D5C800F2A998 /* MarketDataService.swift */; };
		7F47F1CB2BC2DF4200F2A998 /* PortfolioView.swift in Sources */ = {isa = PBXBuildFile; fileRef = 7F47F1CA2BC2DF4200F2A998 /* PortfolioView.swift */; };
		7F47F1CD2BC2E22B00F2A998 /* XMarkButton.swift in Sources */ = {isa = PBXBuildFile; fileRef = 7F47F1CC2BC2E22B00F2A998 /* XMarkButton.swift */; };
		7F47F1CF2BC319D400F2A998 /* CoinLogoView.swift in Sources */ = {isa = PBXBuildFile; fileRef = 7F47F1CE2BC319D400F2A998 /* CoinLogoView.swift */; };
		7F47F1D22BC37C1100F2A998 /* PortfolioContainer.xcdatamodeld in Sources */ = {isa = PBXBuildFile; fileRef = 7F47F1D02BC37C1000F2A998 /* PortfolioContainer.xcdatamodeld */; };
		7F47F1D42BC37D3600F2A998 /* PortfolioDataService.swift in Sources */ = {isa = PBXBuildFile; fileRef = 7F47F1D32BC37D3600F2A998 /* PortfolioDataService.swift */; };
		7F47F1D62BC56CCB00F2A998 /* HapticManager.swift in Sources */ = {isa = PBXBuildFile; fileRef = 7F47F1D52BC56CCB00F2A998 /* HapticManager.swift */; };
		7F47F1DB2BCAD2DB00F2A998 /* DetailView.swift in Sources */ = {isa = PBXBuildFile; fileRef = 7F47F1DA2BCAD2DB00F2A998 /* DetailView.swift */; };
		7F5C9EC82BCB2A2200C4D1E5 /* CoinDetailModel.swift in Sources */ = {isa = PBXBuildFile; fileRef = 7F5C9EC72BCB2A2200C4D1E5 /* CoinDetailModel.swift */; };
		7F5C9ECA2BCB2CBB00C4D1E5 /* DetailViewModel.swift in Sources */ = {isa = PBXBuildFile; fileRef = 7F5C9EC92BCB2CBB00C4D1E5 /* DetailViewModel.swift */; };
		7F5C9ECC2BCB2CE200C4D1E5 /* CoinDetailDataService.swift in Sources */ = {isa = PBXBuildFile; fileRef = 7F5C9ECB2BCB2CE200C4D1E5 /* CoinDetailDataService.swift */; };
		7F5C9ECE2BCB7EA600C4D1E5 /* ChartView.swift in Sources */ = {isa = PBXBuildFile; fileRef = 7F5C9ECD2BCB7EA600C4D1E5 /* ChartView.swift */; };
		7F5C9ED02BCB859800C4D1E5 /* Date.swift in Sources */ = {isa = PBXBuildFile; fileRef = 7F5C9ECF2BCB859800C4D1E5 /* Date.swift */; };
		7F5C9ED22BCC18EC00C4D1E5 /* String.swift in Sources */ = {isa = PBXBuildFile; fileRef = 7F5C9ED12BCC18EC00C4D1E5 /* String.swift */; };
		7F5C9ED62BCC21C000C4D1E5 /* SettingsView.swift in Sources */ = {isa = PBXBuildFile; fileRef = 7F5C9ED52BCC21C000C4D1E5 /* SettingsView.swift */; };
		7F5C9EDA2BCC2B3800C4D1E5 /* LaunchScreen.storyboard in Resources */ = {isa = PBXBuildFile; fileRef = 7F5C9ED92BCC2B3800C4D1E5 /* LaunchScreen.storyboard */; };
		7F5C9EDC2BCC2CF200C4D1E5 /* LaunchView.swift in Sources */ = {isa = PBXBuildFile; fileRef = 7F5C9EDB2BCC2CF200C4D1E5 /* LaunchView.swift */; };
		7F62B18E2BB99D710093F706 /* SwiftfulCryptoApp.swift in Sources */ = {isa = PBXBuildFile; fileRef = 7F62B18D2BB99D710093F706 /* SwiftfulCryptoApp.swift */; };
		7F62B1902BB99D710093F706 /* ContentView.swift in Sources */ = {isa = PBXBuildFile; fileRef = 7F62B18F2BB99D710093F706 /* ContentView.swift */; };
		7F62B1952BB99D740093F706 /* Preview Assets.xcassets in Resources */ = {isa = PBXBuildFile; fileRef = 7F62B1942BB99D740093F706 /* Preview Assets.xcassets */; };
		7F62B19C2BB99E7C0093F706 /* Assets.xcassets in Resources */ = {isa = PBXBuildFile; fileRef = 7F62B19B2BB99E7C0093F706 /* Assets.xcassets */; };
		7F62B19F2BB99F5B0093F706 /* Color.swift in Sources */ = {isa = PBXBuildFile; fileRef = 7F62B19E2BB99F5B0093F706 /* Color.swift */; };
		7F62B1A52BB9A31B0093F706 /* HomeView.swift in Sources */ = {isa = PBXBuildFile; fileRef = 7F62B1A42BB9A31B0093F706 /* HomeView.swift */; };
		7F62B1A92BB9A40F0093F706 /* CircleButtonView.swift in Sources */ = {isa = PBXBuildFile; fileRef = 7F62B1A82BB9A40F0093F706 /* CircleButtonView.swift */; };
		7F62B1AB2BB9B3DF0093F706 /* CircleButtonAnimationView.swift in Sources */ = {isa = PBXBuildFile; fileRef = 7F62B1AA2BB9B3DF0093F706 /* CircleButtonAnimationView.swift */; };
		7F62B1AE2BB9C5CD0093F706 /* CoinModel.swift in Sources */ = {isa = PBXBuildFile; fileRef = 7F62B1AD2BB9C5CD0093F706 /* CoinModel.swift */; };
		7F62B1B02BBA19B10093F706 /* CoinRowView.swift in Sources */ = {isa = PBXBuildFile; fileRef = 7F62B1AF2BBA19B10093F706 /* CoinRowView.swift */; };
		7F62B1B22BBA1A0A0093F706 /* PreviewProvider.swift in Sources */ = {isa = PBXBuildFile; fileRef = 7F62B1B12BBA1A0A0093F706 /* PreviewProvider.swift */; };
		7F62B1B42BBA1F690093F706 /* Double.swift in Sources */ = {isa = PBXBuildFile; fileRef = 7F62B1B32BBA1F690093F706 /* Double.swift */; };
		7F62B1B62BBA28B40093F706 /* HomeViewModel.swift in Sources */ = {isa = PBXBuildFile; fileRef = 7F62B1B52BBA28B40093F706 /* HomeViewModel.swift */; };
		7F62B1B92BBA30000093F706 /* CoinDataService.swift in Sources */ = {isa = PBXBuildFile; fileRef = 7F62B1B82BBA30000093F706 /* CoinDataService.swift */; };
		7F62B1BC2BBA6DE70093F706 /* NetworkingManager.swift in Sources */ = {isa = PBXBuildFile; fileRef = 7F62B1BB2BBA6DE70093F706 /* NetworkingManager.swift */; };
		7F62B1BF2BBC0ECB0093F706 /* CoinImageView.swift in Sources */ = {isa = PBXBuildFile; fileRef = 7F62B1BE2BBC0ECB0093F706 /* CoinImageView.swift */; };
		7F62B1C12BBC11990093F706 /* CoinImageService.swift in Sources */ = {isa = PBXBuildFile; fileRef = 7F62B1C02BBC11990093F706 /* CoinImageService.swift */; };
		7F62B1C32BBC14210093F706 /* CoinImageViewModel.swift in Sources */ = {isa = PBXBuildFile; fileRef = 7F62B1C22BBC14210093F706 /* CoinImageViewModel.swift */; };
/* End PBXBuildFile section */

/* Begin PBXFileReference section */
		7F47F1BA2BC0C23100F2A998 /* LocalFileManager.swift */ = {isa = PBXFileReference; lastKnownFileType = sourcecode.swift; path = LocalFileManager.swift; sourceTree = "<group>"; };
		7F47F1BC2BC0D79800F2A998 /* SearchBarView.swift */ = {isa = PBXFileReference; lastKnownFileType = sourcecode.swift; path = SearchBarView.swift; sourceTree = "<group>"; };
		7F47F1BE2BC16A4700F2A998 /* UIApplication.swift */ = {isa = PBXFileReference; lastKnownFileType = sourcecode.swift; path = UIApplication.swift; sourceTree = "<group>"; };
		7F47F1C02BC1723C00F2A998 /* StatisticModel.swift */ = {isa = PBXFileReference; lastKnownFileType = sourcecode.swift; path = StatisticModel.swift; sourceTree = "<group>"; };
		7F47F1C22BC1739A00F2A998 /* StatisticView.swift */ = {isa = PBXFileReference; lastKnownFileType = sourcecode.swift; path = StatisticView.swift; sourceTree = "<group>"; };
		7F47F1C42BC1794700F2A998 /* HomeStatsView.swift */ = {isa = PBXFileReference; lastKnownFileType = sourcecode.swift; path = HomeStatsView.swift; sourceTree = "<group>"; };
		7F47F1C62BC2CB8F00F2A998 /* MarketDataModel.swift */ = {isa = PBXFileReference; lastKnownFileType = sourcecode.swift; path = MarketDataModel.swift; sourceTree = "<group>"; };
		7F47F1C82BC2D5C800F2A998 /* MarketDataService.swift */ = {isa = PBXFileReference; lastKnownFileType = sourcecode.swift; path = MarketDataService.swift; sourceTree = "<group>"; };
		7F47F1CA2BC2DF4200F2A998 /* PortfolioView.swift */ = {isa = PBXFileReference; lastKnownFileType = sourcecode.swift; path = PortfolioView.swift; sourceTree = "<group>"; };
		7F47F1CC2BC2E22B00F2A998 /* XMarkButton.swift */ = {isa = PBXFileReference; lastKnownFileType = sourcecode.swift; path = XMarkButton.swift; sourceTree = "<group>"; };
		7F47F1CE2BC319D400F2A998 /* CoinLogoView.swift */ = {isa = PBXFileReference; lastKnownFileType = sourcecode.swift; path = CoinLogoView.swift; sourceTree = "<group>"; };
		7F47F1D12BC37C1000F2A998 /* PorfolioContainer.xcdatamodel */ = {isa = PBXFileReference; lastKnownFileType = wrapper.xcdatamodel; path = PorfolioContainer.xcdatamodel; sourceTree = "<group>"; };
		7F47F1D32BC37D3600F2A998 /* PortfolioDataService.swift */ = {isa = PBXFileReference; lastKnownFileType = sourcecode.swift; path = PortfolioDataService.swift; sourceTree = "<group>"; };
		7F47F1D52BC56CCB00F2A998 /* HapticManager.swift */ = {isa = PBXFileReference; lastKnownFileType = sourcecode.swift; path = HapticManager.swift; sourceTree = "<group>"; };
		7F47F1DA2BCAD2DB00F2A998 /* DetailView.swift */ = {isa = PBXFileReference; lastKnownFileType = sourcecode.swift; path = DetailView.swift; sourceTree = "<group>"; };
		7F5C9EC72BCB2A2200C4D1E5 /* CoinDetailModel.swift */ = {isa = PBXFileReference; lastKnownFileType = sourcecode.swift; path = CoinDetailModel.swift; sourceTree = "<group>"; };
		7F5C9EC92BCB2CBB00C4D1E5 /* DetailViewModel.swift */ = {isa = PBXFileReference; lastKnownFileType = sourcecode.swift; path = DetailViewModel.swift; sourceTree = "<group>"; };
		7F5C9ECB2BCB2CE200C4D1E5 /* CoinDetailDataService.swift */ = {isa = PBXFileReference; lastKnownFileType = sourcecode.swift; path = CoinDetailDataService.swift; sourceTree = "<group>"; };
		7F5C9ECD2BCB7EA600C4D1E5 /* ChartView.swift */ = {isa = PBXFileReference; lastKnownFileType = sourcecode.swift; path = ChartView.swift; sourceTree = "<group>"; };
		7F5C9ECF2BCB859800C4D1E5 /* Date.swift */ = {isa = PBXFileReference; lastKnownFileType = sourcecode.swift; path = Date.swift; sourceTree = "<group>"; };
		7F5C9ED12BCC18EC00C4D1E5 /* String.swift */ = {isa = PBXFileReference; lastKnownFileType = sourcecode.swift; path = String.swift; sourceTree = "<group>"; };
		7F5C9ED52BCC21C000C4D1E5 /* SettingsView.swift */ = {isa = PBXFileReference; lastKnownFileType = sourcecode.swift; path = SettingsView.swift; sourceTree = "<group>"; };
		7F5C9ED92BCC2B3800C4D1E5 /* LaunchScreen.storyboard */ = {isa = PBXFileReference; lastKnownFileType = file.storyboard; path = LaunchScreen.storyboard; sourceTree = "<group>"; };
		7F5C9EDB2BCC2CF200C4D1E5 /* LaunchView.swift */ = {isa = PBXFileReference; lastKnownFileType = sourcecode.swift; path = LaunchView.swift; sourceTree = "<group>"; };
		7F62B18A2BB99D710093F706 /* SwiftfulCrypto.app */ = {isa = PBXFileReference; explicitFileType = wrapper.application; includeInIndex = 0; path = SwiftfulCrypto.app; sourceTree = BUILT_PRODUCTS_DIR; };
		7F62B18D2BB99D710093F706 /* SwiftfulCryptoApp.swift */ = {isa = PBXFileReference; lastKnownFileType = sourcecode.swift; path = SwiftfulCryptoApp.swift; sourceTree = "<group>"; };
		7F62B18F2BB99D710093F706 /* ContentView.swift */ = {isa = PBXFileReference; lastKnownFileType = sourcecode.swift; path = ContentView.swift; sourceTree = "<group>"; };
		7F62B1942BB99D740093F706 /* Preview Assets.xcassets */ = {isa = PBXFileReference; lastKnownFileType = folder.assetcatalog; path = "Preview Assets.xcassets"; sourceTree = "<group>"; };
		7F62B19B2BB99E7C0093F706 /* Assets.xcassets */ = {isa = PBXFileReference; lastKnownFileType = folder.assetcatalog; name = Assets.xcassets; path = ../../../Downloads/Resources/Assets.xcassets; sourceTree = "<group>"; };
		7F62B19E2BB99F5B0093F706 /* Color.swift */ = {isa = PBXFileReference; lastKnownFileType = sourcecode.swift; path = Color.swift; sourceTree = "<group>"; };
		7F62B1A42BB9A31B0093F706 /* HomeView.swift */ = {isa = PBXFileReference; lastKnownFileType = sourcecode.swift; path = HomeView.swift; sourceTree = "<group>"; };
		7F62B1A82BB9A40F0093F706 /* CircleButtonView.swift */ = {isa = PBXFileReference; lastKnownFileType = sourcecode.swift; path = CircleButtonView.swift; sourceTree = "<group>"; };
		7F62B1AA2BB9B3DF0093F706 /* CircleButtonAnimationView.swift */ = {isa = PBXFileReference; lastKnownFileType = sourcecode.swift; path = CircleButtonAnimationView.swift; sourceTree = "<group>"; };
		7F62B1AD2BB9C5CD0093F706 /* CoinModel.swift */ = {isa = PBXFileReference; lastKnownFileType = sourcecode.swift; path = CoinModel.swift; sourceTree = "<group>"; };
		7F62B1AF2BBA19B10093F706 /* CoinRowView.swift */ = {isa = PBXFileReference; lastKnownFileType = sourcecode.swift; path = CoinRowView.swift; sourceTree = "<group>"; };
		7F62B1B12BBA1A0A0093F706 /* PreviewProvider.swift */ = {isa = PBXFileReference; lastKnownFileType = sourcecode.swift; path = PreviewProvider.swift; sourceTree = "<group>"; };
		7F62B1B32BBA1F690093F706 /* Double.swift */ = {isa = PBXFileReference; lastKnownFileType = sourcecode.swift; path = Double.swift; sourceTree = "<group>"; };
		7F62B1B52BBA28B40093F706 /* HomeViewModel.swift */ = {isa = PBXFileReference; lastKnownFileType = sourcecode.swift; path = HomeViewModel.swift; sourceTree = "<group>"; };
		7F62B1B82BBA30000093F706 /* CoinDataService.swift */ = {isa = PBXFileReference; lastKnownFileType = sourcecode.swift; path = CoinDataService.swift; sourceTree = "<group>"; };
		7F62B1BB2BBA6DE70093F706 /* NetworkingManager.swift */ = {isa = PBXFileReference; lastKnownFileType = sourcecode.swift; path = NetworkingManager.swift; sourceTree = "<group>"; };
		7F62B1BE2BBC0ECB0093F706 /* CoinImageView.swift */ = {isa = PBXFileReference; lastKnownFileType = sourcecode.swift; path = CoinImageView.swift; sourceTree = "<group>"; };
		7F62B1C02BBC11990093F706 /* CoinImageService.swift */ = {isa = PBXFileReference; lastKnownFileType = sourcecode.swift; path = CoinImageService.swift; sourceTree = "<group>"; };
		7F62B1C22BBC14210093F706 /* CoinImageViewModel.swift */ = {isa = PBXFileReference; lastKnownFileType = sourcecode.swift; path = CoinImageViewModel.swift; sourceTree = "<group>"; };
/* End PBXFileReference section */

/* Begin PBXFrameworksBuildPhase section */
		7F62B1872BB99D710093F706 /* Frameworks */ = {
			isa = PBXFrameworksBuildPhase;
			buildActionMask = 2147483647;
			files = (
			);
			runOnlyForDeploymentPostprocessing = 0;
		};
/* End PBXFrameworksBuildPhase section */

/* Begin PBXGroup section */
		7F47F1D72BCAD28100F2A998 /* Detail */ = {
			isa = PBXGroup;
			children = (
				7F47F1D92BCAD2BE00F2A998 /* ViewModels */,
				7F47F1D82BCAD2AC00F2A998 /* Views */,
			);
			path = Detail;
			sourceTree = "<group>";
		};
		7F47F1D82BCAD2AC00F2A998 /* Views */ = {
			isa = PBXGroup;
			children = (
				7F47F1DA2BCAD2DB00F2A998 /* DetailView.swift */,
				7F5C9ECD2BCB7EA600C4D1E5 /* ChartView.swift */,
			);
			path = Views;
			sourceTree = "<group>";
		};
		7F47F1D92BCAD2BE00F2A998 /* ViewModels */ = {
			isa = PBXGroup;
			children = (
				7F5C9EC92BCB2CBB00C4D1E5 /* DetailViewModel.swift */,
			);
			path = ViewModels;
			sourceTree = "<group>";
		};
		7F5C9ED32BCC217A00C4D1E5 /* Settings */ = {
			isa = PBXGroup;
			children = (
				7F5C9ED42BCC21B000C4D1E5 /* Views */,
			);
			path = Settings;
			sourceTree = "<group>";
		};
		7F5C9ED42BCC21B000C4D1E5 /* Views */ = {
			isa = PBXGroup;
			children = (
				7F5C9ED52BCC21C000C4D1E5 /* SettingsView.swift */,
			);
			path = Views;
			sourceTree = "<group>";
		};
		7F5C9ED72BCC2B1400C4D1E5 /* Launch */ = {
			isa = PBXGroup;
			children = (
				7F5C9ED82BCC2B2100C4D1E5 /* Views */,
			);
			path = Launch;
			sourceTree = "<group>";
		};
		7F5C9ED82BCC2B2100C4D1E5 /* Views */ = {
			isa = PBXGroup;
			children = (
				7F5C9ED92BCC2B3800C4D1E5 /* LaunchScreen.storyboard */,
				7F5C9EDB2BCC2CF200C4D1E5 /* LaunchView.swift */,
			);
			path = Views;
			sourceTree = "<group>";
		};
		7F62B1812BB99D710093F706 = {
			isa = PBXGroup;
			children = (
				7F62B18C2BB99D710093F706 /* SwiftfulCrypto */,
				7F62B18B2BB99D710093F706 /* Products */,
			);
			sourceTree = "<group>";
		};
		7F62B18B2BB99D710093F706 /* Products */ = {
			isa = PBXGroup;
			children = (
				7F62B18A2BB99D710093F706 /* SwiftfulCrypto.app */,
			);
			name = Products;
			sourceTree = "<group>";
		};
		7F62B18C2BB99D710093F706 /* SwiftfulCrypto */ = {
			isa = PBXGroup;
			children = (
				7F62B18D2BB99D710093F706 /* SwiftfulCryptoApp.swift */,
				7F62B1BA2BBA6DC10093F706 /* Utilities */,
				7F62B19D2BB99F450093F706 /* Extensions */,
				7F62B1B72BBA2FD20093F706 /* Services */,
				7F62B1AC2BB9C5AF0093F706 /* Models */,
				7F62B1A02BB9A2EA0093F706 /* Core */,
				7F62B18F2BB99D710093F706 /* ContentView.swift */,
				7F62B19B2BB99E7C0093F706 /* Assets.xcassets */,
				7F62B1932BB99D740093F706 /* Preview Content */,
			);
			path = SwiftfulCrypto;
			sourceTree = "<group>";
		};
		7F62B1932BB99D740093F706 /* Preview Content */ = {
			isa = PBXGroup;
			children = (
				7F62B1942BB99D740093F706 /* Preview Assets.xcassets */,
			);
			path = "Preview Content";
			sourceTree = "<group>";
		};
		7F62B19D2BB99F450093F706 /* Extensions */ = {
			isa = PBXGroup;
			children = (
				7F62B19E2BB99F5B0093F706 /* Color.swift */,
				7F62B1B12BBA1A0A0093F706 /* PreviewProvider.swift */,
				7F62B1B32BBA1F690093F706 /* Double.swift */,
				7F47F1BE2BC16A4700F2A998 /* UIApplication.swift */,
				7F5C9ECF2BCB859800C4D1E5 /* Date.swift */,
				7F5C9ED12BCC18EC00C4D1E5 /* String.swift */,
			);
			path = Extensions;
			sourceTree = "<group>";
		};
		7F62B1A02BB9A2EA0093F706 /* Core */ = {
			isa = PBXGroup;
			children = (
				7F5C9ED72BCC2B1400C4D1E5 /* Launch */,
				7F62B1A62BB9A3E20093F706 /* Components */,
				7F62B1A12BB9A2F80093F706 /* Home */,
				7F47F1D72BCAD28100F2A998 /* Detail */,
				7F5C9ED32BCC217A00C4D1E5 /* Settings */,
			);
			path = Core;
			sourceTree = "<group>";
		};
		7F62B1A12BB9A2F80093F706 /* Home */ = {
			isa = PBXGroup;
			children = (
				7F62B1A32BB9A3090093F706 /* ViewModels */,
				7F62B1A22BB9A3010093F706 /* Views */,
			);
			path = Home;
			sourceTree = "<group>";
		};
		7F62B1A22BB9A3010093F706 /* Views */ = {
			isa = PBXGroup;
			children = (
				7F62B1A42BB9A31B0093F706 /* HomeView.swift */,
				7F47F1C42BC1794700F2A998 /* HomeStatsView.swift */,
				7F62B1AF2BBA19B10093F706 /* CoinRowView.swift */,
				7F47F1CA2BC2DF4200F2A998 /* PortfolioView.swift */,
			);
			path = Views;
			sourceTree = "<group>";
		};
		7F62B1A32BB9A3090093F706 /* ViewModels */ = {
			isa = PBXGroup;
			children = (
				7F62B1B52BBA28B40093F706 /* HomeViewModel.swift */,
			);
			path = ViewModels;
			sourceTree = "<group>";
		};
		7F62B1A62BB9A3E20093F706 /* Components */ = {
			isa = PBXGroup;
			children = (
				7F62B1BD2BBC0EB70093F706 /* CoinImage */,
				7F62B1A72BB9A3FB0093F706 /* CircleButton */,
				7F47F1BC2BC0D79800F2A998 /* SearchBarView.swift */,
				7F47F1C22BC1739A00F2A998 /* StatisticView.swift */,
				7F47F1CC2BC2E22B00F2A998 /* XMarkButton.swift */,
			);
			path = Components;
			sourceTree = "<group>";
		};
		7F62B1A72BB9A3FB0093F706 /* CircleButton */ = {
			isa = PBXGroup;
			children = (
				7F62B1A82BB9A40F0093F706 /* CircleButtonView.swift */,
				7F62B1AA2BB9B3DF0093F706 /* CircleButtonAnimationView.swift */,
			);
			path = CircleButton;
			sourceTree = "<group>";
		};
		7F62B1AC2BB9C5AF0093F706 /* Models */ = {
			isa = PBXGroup;
			children = (
				7F62B1AD2BB9C5CD0093F706 /* CoinModel.swift */,
				7F47F1C02BC1723C00F2A998 /* StatisticModel.swift */,
				7F47F1C62BC2CB8F00F2A998 /* MarketDataModel.swift */,
				7F47F1D02BC37C1000F2A998 /* PortfolioContainer.xcdatamodeld */,
				7F5C9EC72BCB2A2200C4D1E5 /* CoinDetailModel.swift */,
			);
			path = Models;
			sourceTree = "<group>";
		};
		7F62B1B72BBA2FD20093F706 /* Services */ = {
			isa = PBXGroup;
			children = (
				7F62B1B82BBA30000093F706 /* CoinDataService.swift */,
				7F5C9ECB2BCB2CE200C4D1E5 /* CoinDetailDataService.swift */,
				7F62B1C02BBC11990093F706 /* CoinImageService.swift */,
				7F47F1C82BC2D5C800F2A998 /* MarketDataService.swift */,
				7F47F1D32BC37D3600F2A998 /* PortfolioDataService.swift */,
			);
			path = Services;
			sourceTree = "<group>";
		};
		7F62B1BA2BBA6DC10093F706 /* Utilities */ = {
			isa = PBXGroup;
			children = (
				7F62B1BB2BBA6DE70093F706 /* NetworkingManager.swift */,
				7F47F1BA2BC0C23100F2A998 /* LocalFileManager.swift */,
				7F47F1D52BC56CCB00F2A998 /* HapticManager.swift */,
			);
			path = Utilities;
			sourceTree = "<group>";
		};
		7F62B1BD2BBC0EB70093F706 /* CoinImage */ = {
			isa = PBXGroup;
			children = (
				7F62B1BE2BBC0ECB0093F706 /* CoinImageView.swift */,
				7F62B1C22BBC14210093F706 /* CoinImageViewModel.swift */,
				7F47F1CE2BC319D400F2A998 /* CoinLogoView.swift */,
			);
			path = CoinImage;
			sourceTree = "<group>";
		};
/* End PBXGroup section */

/* Begin PBXNativeTarget section */
		7F62B1892BB99D710093F706 /* SwiftfulCrypto */ = {
			isa = PBXNativeTarget;
			buildConfigurationList = 7F62B1982BB99D740093F706 /* Build configuration list for PBXNativeTarget "SwiftfulCrypto" */;
			buildPhases = (
				7F62B1862BB99D710093F706 /* Sources */,
				7F62B1872BB99D710093F706 /* Frameworks */,
				7F62B1882BB99D710093F706 /* Resources */,
			);
			buildRules = (
			);
			dependencies = (
			);
			name = SwiftfulCrypto;
			productName = SwiftfulCrypto;
			productReference = 7F62B18A2BB99D710093F706 /* SwiftfulCrypto.app */;
			productType = "com.apple.product-type.application";
		};
/* End PBXNativeTarget section */

/* Begin PBXProject section */
		7F62B1822BB99D710093F706 /* Project object */ = {
			isa = PBXProject;
			attributes = {
				BuildIndependentTargetsInParallel = 1;
				LastSwiftUpdateCheck = 1530;
				LastUpgradeCheck = 1530;
				TargetAttributes = {
					7F62B1892BB99D710093F706 = {
						CreatedOnToolsVersion = 15.3;
					};
				};
			};
			buildConfigurationList = 7F62B1852BB99D710093F706 /* Build configuration list for PBXProject "SwiftfulCrypto" */;
			compatibilityVersion = "Xcode 14.0";
			developmentRegion = en;
			hasScannedForEncodings = 0;
			knownRegions = (
				en,
				Base,
			);
			mainGroup = 7F62B1812BB99D710093F706;
			productRefGroup = 7F62B18B2BB99D710093F706 /* Products */;
			projectDirPath = "";
			projectRoot = "";
			targets = (
				7F62B1892BB99D710093F706 /* SwiftfulCrypto */,
			);
		};
/* End PBXProject section */

/* Begin PBXResourcesBuildPhase section */
		7F62B1882BB99D710093F706 /* Resources */ = {
			isa = PBXResourcesBuildPhase;
			buildActionMask = 2147483647;
			files = (
				7F5C9EDA2BCC2B3800C4D1E5 /* LaunchScreen.storyboard in Resources */,
				7F62B1952BB99D740093F706 /* Preview Assets.xcassets in Resources */,
				7F62B19C2BB99E7C0093F706 /* Assets.xcassets in Resources */,
			);
			runOnlyForDeploymentPostprocessing = 0;
		};
/* End PBXResourcesBuildPhase section */

/* Begin PBXSourcesBuildPhase section */
		7F62B1862BB99D710093F706 /* Sources */ = {
			isa = PBXSourcesBuildPhase;
			buildActionMask = 2147483647;
			files = (
				7F47F1C12BC1723C00F2A998 /* StatisticModel.swift in Sources */,
				7F62B1B92BBA30000093F706 /* CoinDataService.swift in Sources */,
				7F62B1B02BBA19B10093F706 /* CoinRowView.swift in Sources */,
				7F5C9ECE2BCB7EA600C4D1E5 /* ChartView.swift in Sources */,
				7F47F1CD2BC2E22B00F2A998 /* XMarkButton.swift in Sources */,
				7F62B1B62BBA28B40093F706 /* HomeViewModel.swift in Sources */,
				7F62B1902BB99D710093F706 /* ContentView.swift in Sources */,
				7F5C9ED02BCB859800C4D1E5 /* Date.swift in Sources */,
				7F47F1BB2BC0C23100F2A998 /* LocalFileManager.swift in Sources */,
				7F47F1C72BC2CB8F00F2A998 /* MarketDataModel.swift in Sources */,
				7F62B1A52BB9A31B0093F706 /* HomeView.swift in Sources */,
				7F47F1C32BC1739A00F2A998 /* StatisticView.swift in Sources */,
				7F62B1BF2BBC0ECB0093F706 /* CoinImageView.swift in Sources */,
				7F62B18E2BB99D710093F706 /* SwiftfulCryptoApp.swift in Sources */,
				7F47F1BF2BC16A4700F2A998 /* UIApplication.swift in Sources */,
				7F62B1A92BB9A40F0093F706 /* CircleButtonView.swift in Sources */,
				7F5C9EDC2BCC2CF200C4D1E5 /* LaunchView.swift in Sources */,
				7F62B19F2BB99F5B0093F706 /* Color.swift in Sources */,
				7F47F1BD2BC0D79800F2A998 /* SearchBarView.swift in Sources */,
				7F47F1DB2BCAD2DB00F2A998 /* DetailView.swift in Sources */,
				7F47F1D62BC56CCB00F2A998 /* HapticManager.swift in Sources */,
				7F62B1BC2BBA6DE70093F706 /* NetworkingManager.swift in Sources */,
				7F47F1CF2BC319D400F2A998 /* CoinLogoView.swift in Sources */,
				7F47F1C52BC1794700F2A998 /* HomeStatsView.swift in Sources */,
				7F47F1C92BC2D5C800F2A998 /* MarketDataService.swift in Sources */,
				7F62B1AB2BB9B3DF0093F706 /* CircleButtonAnimationView.swift in Sources */,
				7F62B1C32BBC14210093F706 /* CoinImageViewModel.swift in Sources */,
				7F62B1B22BBA1A0A0093F706 /* PreviewProvider.swift in Sources */,
				7F5C9ED22BCC18EC00C4D1E5 /* String.swift in Sources */,
				7F47F1D22BC37C1100F2A998 /* PortfolioContainer.xcdatamodeld in Sources */,
				7F47F1CB2BC2DF4200F2A998 /* PortfolioView.swift in Sources */,
				7F62B1B42BBA1F690093F706 /* Double.swift in Sources */,
				7F62B1C12BBC11990093F706 /* CoinImageService.swift in Sources */,
				7F5C9EC82BCB2A2200C4D1E5 /* CoinDetailModel.swift in Sources */,
				7F62B1AE2BB9C5CD0093F706 /* CoinModel.swift in Sources */,
				7F5C9ECC2BCB2CE200C4D1E5 /* CoinDetailDataService.swift in Sources */,
				7F5C9ECA2BCB2CBB00C4D1E5 /* DetailViewModel.swift in Sources */,
				7F47F1D42BC37D3600F2A998 /* PortfolioDataService.swift in Sources */,
				7F5C9ED62BCC21C000C4D1E5 /* SettingsView.swift in Sources */,
			);
			runOnlyForDeploymentPostprocessing = 0;
		};
/* End PBXSourcesBuildPhase section */

/* Begin XCBuildConfiguration section */
		7F62B1962BB99D740093F706 /* Debug */ = {
			isa = XCBuildConfiguration;
			buildSettings = {
				ALWAYS_SEARCH_USER_PATHS = NO;
				ASSETCATALOG_COMPILER_GENERATE_SWIFT_ASSET_SYMBOL_EXTENSIONS = YES;
				CLANG_ANALYZER_NONNULL = YES;
				CLANG_ANALYZER_NUMBER_OBJECT_CONVERSION = YES_AGGRESSIVE;
				CLANG_CXX_LANGUAGE_STANDARD = "gnu++20";
				CLANG_ENABLE_MODULES = YES;
				CLANG_ENABLE_OBJC_ARC = YES;
				CLANG_ENABLE_OBJC_WEAK = YES;
				CLANG_WARN_BLOCK_CAPTURE_AUTORELEASING = YES;
				CLANG_WARN_BOOL_CONVERSION = YES;
				CLANG_WARN_COMMA = YES;
				CLANG_WARN_CONSTANT_CONVERSION = YES;
				CLANG_WARN_DEPRECATED_OBJC_IMPLEMENTATIONS = YES;
				CLANG_WARN_DIRECT_OBJC_ISA_USAGE = YES_ERROR;
				CLANG_WARN_DOCUMENTATION_COMMENTS = YES;
				CLANG_WARN_EMPTY_BODY = YES;
				CLANG_WARN_ENUM_CONVERSION = YES;
				CLANG_WARN_INFINITE_RECURSION = YES;
				CLANG_WARN_INT_CONVERSION = YES;
				CLANG_WARN_NON_LITERAL_NULL_CONVERSION = YES;
				CLANG_WARN_OBJC_IMPLICIT_RETAIN_SELF = YES;
				CLANG_WARN_OBJC_LITERAL_CONVERSION = YES;
				CLANG_WARN_OBJC_ROOT_CLASS = YES_ERROR;
				CLANG_WARN_QUOTED_INCLUDE_IN_FRAMEWORK_HEADER = YES;
				CLANG_WARN_RANGE_LOOP_ANALYSIS = YES;
				CLANG_WARN_STRICT_PROTOTYPES = YES;
				CLANG_WARN_SUSPICIOUS_MOVE = YES;
				CLANG_WARN_UNGUARDED_AVAILABILITY = YES_AGGRESSIVE;
				CLANG_WARN_UNREACHABLE_CODE = YES;
				CLANG_WARN__DUPLICATE_METHOD_MATCH = YES;
				COPY_PHASE_STRIP = NO;
				DEBUG_INFORMATION_FORMAT = dwarf;
				ENABLE_STRICT_OBJC_MSGSEND = YES;
				ENABLE_TESTABILITY = YES;
				ENABLE_USER_SCRIPT_SANDBOXING = YES;
				GCC_C_LANGUAGE_STANDARD = gnu17;
				GCC_DYNAMIC_NO_PIC = NO;
				GCC_NO_COMMON_BLOCKS = YES;
				GCC_OPTIMIZATION_LEVEL = 0;
				GCC_PREPROCESSOR_DEFINITIONS = (
					"DEBUG=1",
					"$(inherited)",
				);
				GCC_WARN_64_TO_32_BIT_CONVERSION = YES;
				GCC_WARN_ABOUT_RETURN_TYPE = YES_ERROR;
				GCC_WARN_UNDECLARED_SELECTOR = YES;
				GCC_WARN_UNINITIALIZED_AUTOS = YES_AGGRESSIVE;
				GCC_WARN_UNUSED_FUNCTION = YES;
				GCC_WARN_UNUSED_VARIABLE = YES;
				IPHONEOS_DEPLOYMENT_TARGET = 17.4;
				LOCALIZATION_PREFERS_STRING_CATALOGS = YES;
				MTL_ENABLE_DEBUG_INFO = INCLUDE_SOURCE;
				MTL_FAST_MATH = YES;
				ONLY_ACTIVE_ARCH = YES;
				SDKROOT = iphoneos;
				SWIFT_ACTIVE_COMPILATION_CONDITIONS = "DEBUG $(inherited)";
				SWIFT_OPTIMIZATION_LEVEL = "-Onone";
			};
			name = Debug;
		};
		7F62B1972BB99D740093F706 /* Release */ = {
			isa = XCBuildConfiguration;
			buildSettings = {
				ALWAYS_SEARCH_USER_PATHS = NO;
				ASSETCATALOG_COMPILER_GENERATE_SWIFT_ASSET_SYMBOL_EXTENSIONS = YES;
				CLANG_ANALYZER_NONNULL = YES;
				CLANG_ANALYZER_NUMBER_OBJECT_CONVERSION = YES_AGGRESSIVE;
				CLANG_CXX_LANGUAGE_STANDARD = "gnu++20";
				CLANG_ENABLE_MODULES = YES;
				CLANG_ENABLE_OBJC_ARC = YES;
				CLANG_ENABLE_OBJC_WEAK = YES;
				CLANG_WARN_BLOCK_CAPTURE_AUTORELEASING = YES;
				CLANG_WARN_BOOL_CONVERSION = YES;
				CLANG_WARN_COMMA = YES;
				CLANG_WARN_CONSTANT_CONVERSION = YES;
				CLANG_WARN_DEPRECATED_OBJC_IMPLEMENTATIONS = YES;
				CLANG_WARN_DIRECT_OBJC_ISA_USAGE = YES_ERROR;
				CLANG_WARN_DOCUMENTATION_COMMENTS = YES;
				CLANG_WARN_EMPTY_BODY = YES;
				CLANG_WARN_ENUM_CONVERSION = YES;
				CLANG_WARN_INFINITE_RECURSION = YES;
				CLANG_WARN_INT_CONVERSION = YES;
				CLANG_WARN_NON_LITERAL_NULL_CONVERSION = YES;
				CLANG_WARN_OBJC_IMPLICIT_RETAIN_SELF = YES;
				CLANG_WARN_OBJC_LITERAL_CONVERSION = YES;
				CLANG_WARN_OBJC_ROOT_CLASS = YES_ERROR;
				CLANG_WARN_QUOTED_INCLUDE_IN_FRAMEWORK_HEADER = YES;
				CLANG_WARN_RANGE_LOOP_ANALYSIS = YES;
				CLANG_WARN_STRICT_PROTOTYPES = YES;
				CLANG_WARN_SUSPICIOUS_MOVE = YES;
				CLANG_WARN_UNGUARDED_AVAILABILITY = YES_AGGRESSIVE;
				CLANG_WARN_UNREACHABLE_CODE = YES;
				CLANG_WARN__DUPLICATE_METHOD_MATCH = YES;
				COPY_PHASE_STRIP = NO;
				DEBUG_INFORMATION_FORMAT = "dwarf-with-dsym";
				ENABLE_NS_ASSERTIONS = NO;
				ENABLE_STRICT_OBJC_MSGSEND = YES;
				ENABLE_USER_SCRIPT_SANDBOXING = YES;
				GCC_C_LANGUAGE_STANDARD = gnu17;
				GCC_NO_COMMON_BLOCKS = YES;
				GCC_WARN_64_TO_32_BIT_CONVERSION = YES;
				GCC_WARN_ABOUT_RETURN_TYPE = YES_ERROR;
				GCC_WARN_UNDECLARED_SELECTOR = YES;
				GCC_WARN_UNINITIALIZED_AUTOS = YES_AGGRESSIVE;
				GCC_WARN_UNUSED_FUNCTION = YES;
				GCC_WARN_UNUSED_VARIABLE = YES;
				IPHONEOS_DEPLOYMENT_TARGET = 17.4;
				LOCALIZATION_PREFERS_STRING_CATALOGS = YES;
				MTL_ENABLE_DEBUG_INFO = NO;
				MTL_FAST_MATH = YES;
				SDKROOT = iphoneos;
				SWIFT_COMPILATION_MODE = wholemodule;
				VALIDATE_PRODUCT = YES;
			};
			name = Release;
		};
		7F62B1992BB99D740093F706 /* Debug */ = {
			isa = XCBuildConfiguration;
			buildSettings = {
				ASSETCATALOG_COMPILER_APPICON_NAME = AppIcon;
				ASSETCATALOG_COMPILER_GLOBAL_ACCENT_COLOR_NAME = AccentColor;
				CODE_SIGN_STYLE = Automatic;
				CURRENT_PROJECT_VERSION = 1;
				DEVELOPMENT_ASSET_PATHS = "\"SwiftfulCrypto/Preview Content\"";
				ENABLE_PREVIEWS = YES;
				GENERATE_INFOPLIST_FILE = YES;
				INFOPLIST_KEY_CFBundleDisplayName = "Crypto Tracker";
				INFOPLIST_KEY_UIApplicationSceneManifest_Generation = YES;
				INFOPLIST_KEY_UIApplicationSupportsIndirectInputEvents = YES;
				INFOPLIST_KEY_UILaunchStoryboardName = LaunchScreen.storyboard;
				INFOPLIST_KEY_UISupportedInterfaceOrientations = UIInterfaceOrientationPortrait;
				LD_RUNPATH_SEARCH_PATHS = (
					"$(inherited)",
					"@executable_path/Frameworks",
				);
				MARKETING_VERSION = 1.0;
				PRODUCT_BUNDLE_IDENTIFIER = com.mcurvello.SwiftfulCrypto;
				PRODUCT_NAME = "$(TARGET_NAME)";
				SWIFT_EMIT_LOC_STRINGS = YES;
				SWIFT_VERSION = 5.0;
				TARGETED_DEVICE_FAMILY = "1,2";
			};
			name = Debug;
		};
		7F62B19A2BB99D740093F706 /* Release */ = {
			isa = XCBuildConfiguration;
			buildSettings = {
				ASSETCATALOG_COMPILER_APPICON_NAME = AppIcon;
				ASSETCATALOG_COMPILER_GLOBAL_ACCENT_COLOR_NAME = AccentColor;
				CODE_SIGN_STYLE = Automatic;
				CURRENT_PROJECT_VERSION = 1;
				DEVELOPMENT_ASSET_PATHS = "\"SwiftfulCrypto/Preview Content\"";
				ENABLE_PREVIEWS = YES;
				GENERATE_INFOPLIST_FILE = YES;
				INFOPLIST_KEY_CFBundleDisplayName = "Crypto Tracker";
				INFOPLIST_KEY_UIApplicationSceneManifest_Generation = YES;
				INFOPLIST_KEY_UIApplicationSupportsIndirectInputEvents = YES;
				INFOPLIST_KEY_UILaunchStoryboardName = LaunchScreen.storyboard;
				INFOPLIST_KEY_UISupportedInterfaceOrientations = UIInterfaceOrientationPortrait;
				LD_RUNPATH_SEARCH_PATHS = (
					"$(inherited)",
					"@executable_path/Frameworks",
				);
				MARKETING_VERSION = 1.0;
				PRODUCT_BUNDLE_IDENTIFIER = com.mcurvello.SwiftfulCrypto;
				PRODUCT_NAME = "$(TARGET_NAME)";
				SWIFT_EMIT_LOC_STRINGS = YES;
				SWIFT_VERSION = 5.0;
				TARGETED_DEVICE_FAMILY = "1,2";
			};
			name = Release;
		};
/* End XCBuildConfiguration section */

/* Begin XCConfigurationList section */
		7F62B1852BB99D710093F706 /* Build configuration list for PBXProject "SwiftfulCrypto" */ = {
			isa = XCConfigurationList;
			buildConfigurations = (
				7F62B1962BB99D740093F706 /* Debug */,
				7F62B1972BB99D740093F706 /* Release */,
			);
			defaultConfigurationIsVisible = 0;
			defaultConfigurationName = Release;
		};
		7F62B1982BB99D740093F706 /* Build configuration list for PBXNativeTarget "SwiftfulCrypto" */ = {
			isa = XCConfigurationList;
			buildConfigurations = (
				7F62B1992BB99D740093F706 /* Debug */,
				7F62B19A2BB99D740093F706 /* Release */,
			);
			defaultConfigurationIsVisible = 0;
			defaultConfigurationName = Release;
		};
/* End XCConfigurationList section */

/* Begin XCVersionGroup section */
		7F47F1D02BC37C1000F2A998 /* PortfolioContainer.xcdatamodeld */ = {
			isa = XCVersionGroup;
			children = (
				7F47F1D12BC37C1000F2A998 /* PorfolioContainer.xcdatamodel */,
			);
			currentVersion = 7F47F1D12BC37C1000F2A998 /* PorfolioContainer.xcdatamodel */;
			path = PortfolioContainer.xcdatamodeld;
			sourceTree = "<group>";
			versionGroupType = wrapper.xcdatamodel;
		};
/* End XCVersionGroup section */
	};
	rootObject = 7F62B1822BB99D710093F706 /* Project object */;
}
